
Microsoft Visual Studio Solution File, Format Version 12.00
# Visual Studio Version 16
VisualStudioVersion = 16.0.29326.143
MinimumVisualStudioVersion = 10.0.40219.1
Project("{FAE04EC0-301F-11D3-BF4B-00C04F79EFBC}") = "SecureRandom", "SecureRandom\SecureRandom.csproj", "{F7314760-0DF9-474D-9080-FB2F82695153}"
EndProject
Project("{FAE04EC0-301F-11D3-BF4B-00C04F79EFBC}") = "Tests", "Tests\Tests.csproj", "{2603F51B-2B87-489E-8427-AC3282F3F211}"
EndProject
Global
	GlobalSection(SolutionConfigurationPlatforms) = preSolution
		Debug|Any CPU = Debug|Any CPU
		Release|Any CPU = Release|Any CPU
	EndGlobalSection
	GlobalSection(ProjectConfigurationPlatforms) = postSolution
		{F7314760-0DF9-474D-9080-FB2F82695153}.Debug|Any CPU.ActiveCfg = Debug|Any CPU
		{F7314760-0DF9-474D-9080-FB2F82695153}.Debug|Any CPU.Build.0 = Debug|Any CPU
		{F7314760-0DF9-474D-9080-FB2F82695153}.Release|Any CPU.ActiveCfg = Release|Any CPU
		{F7314760-0DF9-474D-9080-FB2F82695153}.Release|Any CPU.Build.0 = Release|Any CPU
		{2603F51B-2B87-489E-8427-AC3282F3F211}.Debug|Any CPU.ActiveCfg = Debug|Any CPU
		{2603F51B-2B87-489E-8427-AC3282F3F211}.Debug|Any CPU.Build.0 = Debug|Any CPU
		{2603F51B-2B87-489E-8427-AC3282F3F211}.Release|Any CPU.ActiveCfg = Release|Any CPU
		{2603F51B-2B87-489E-8427-AC3282F3F211}.Release|Any CPU.Build.0 = Release|Any CPU
	EndGlobalSection
	GlobalSection(SolutionProperties) = preSolution
		HideSolutionNode = FALSE
	EndGlobalSection
	GlobalSection(ExtensibilityGlobals) = postSolution
		SolutionGuid = {8D1A49C9-6954-45AA-91E9-687A1DB8D3FE}
	EndGlobalSection
EndGlobal
